
Microsoft Visual Studio Solution File, Format Version 12.00
# Visual Studio 2012
Project("{8BC9CEB8-8B4A-11D0-8D11-00A0C91BC942}") = "Project2", "Project2\Project2.vcxproj", "{BDA67AF4-43A4-42D0-8325-996BA8BCBAFC}"
EndProject
Global
	GlobalSection(SolutionConfigurationPlatforms) = preSolution
		Debug|Win32 = Debug|Win32
		Release|Win32 = Release|Win32
	EndGlobalSection
	GlobalSection(ProjectConfigurationPlatforms) = postSolution
		{BDA67AF4-43A4-42D0-8325-996BA8BCBAFC}.Debug|Win32.ActiveCfg = Debug|Win32
		{BDA67AF4-43A4-42D0-8325-996BA8BCBAFC}.Debug|Win32.Build.0 = Debug|Win32
		{BDA67AF4-43A4-42D0-8325-996BA8BCBAFC}.Release|Win32.ActiveCfg = Release|Win32
		{BDA67AF4-43A4-42D0-8325-996BA8BCBAFC}.Release|Win32.Build.0 = Release|Win32
	EndGlobalSection
	GlobalSection(SolutionProperties) = preSolution
		HideSolutionNode = FALSE
	EndGlobalSection
EndGlobal
